// !$*UTF8*$!
{
	archiveVersion = 1;
	classes = {
	};
	objectVersion = 55;
	objects = {

/* Begin PBXBuildFile section */
		BD343A2E28664311006E3018 /* AppDelegate.swift in Sources */ = {isa = PBXBuildFile; fileRef = BD343A2D28664311006E3018 /* AppDelegate.swift */; };
		BD343A3028664311006E3018 /* SceneDelegate.swift in Sources */ = {isa = PBXBuildFile; fileRef = BD343A2F28664311006E3018 /* SceneDelegate.swift */; };
		BD343A3228664311006E3018 /* ViewController.swift in Sources */ = {isa = PBXBuildFile; fileRef = BD343A3128664311006E3018 /* ViewController.swift */; };
		BD343A3528664311006E3018 /* Main.storyboard in Resources */ = {isa = PBXBuildFile; fileRef = BD343A3328664311006E3018 /* Main.storyboard */; };
		BD343A3828664311006E3018 /* todolist.xcdatamodeld in Sources */ = {isa = PBXBuildFile; fileRef = BD343A3628664311006E3018 /* todolist.xcdatamodeld */; };
		BD343A3A28664313006E3018 /* Assets.xcassets in Resources */ = {isa = PBXBuildFile; fileRef = BD343A3928664313006E3018 /* Assets.xcassets */; };
		BD343A3D28664313006E3018 /* LaunchScreen.storyboard in Resources */ = {isa = PBXBuildFile; fileRef = BD343A3B28664313006E3018 /* LaunchScreen.storyboard */; };
		BD343A4828664313006E3018 /* todolistTests.swift in Sources */ = {isa = PBXBuildFile; fileRef = BD343A4728664313006E3018 /* todolistTests.swift */; };
		BD343A5228664313006E3018 /* todolistUITests.swift in Sources */ = {isa = PBXBuildFile; fileRef = BD343A5128664313006E3018 /* todolistUITests.swift */; };
		BD343A5428664313006E3018 /* todolistUITestsLaunchTests.swift in Sources */ = {isa = PBXBuildFile; fileRef = BD343A5328664313006E3018 /* todolistUITestsLaunchTests.swift */; };
/* End PBXBuildFile section */

/* Begin PBXContainerItemProxy section */
		BD343A4428664313006E3018 /* PBXContainerItemProxy */ = {
			isa = PBXContainerItemProxy;
			containerPortal = BD343A2228664311006E3018 /* Project object */;
			proxyType = 1;
			remoteGlobalIDString = BD343A2928664311006E3018;
			remoteInfo = todolist;
		};
		BD343A4E28664313006E3018 /* PBXContainerItemProxy */ = {
			isa = PBXContainerItemProxy;
			containerPortal = BD343A2228664311006E3018 /* Project object */;
			proxyType = 1;
			remoteGlobalIDString = BD343A2928664311006E3018;
			remoteInfo = todolist;
		};
/* End PBXContainerItemProxy section */

/* Begin PBXFileReference section */
		BD343A2A28664311006E3018 /* todolist.app */ = {isa = PBXFileReference; explicitFileType = wrapper.application; includeInIndex = 0; path = todolist.app; sourceTree = BUILT_PRODUCTS_DIR; };
		BD343A2D28664311006E3018 /* AppDelegate.swift */ = {isa = PBXFileReference; lastKnownFileType = sourcecode.swift; path = AppDelegate.swift; sourceTree = "<group>"; };
		BD343A2F28664311006E3018 /* SceneDelegate.swift */ = {isa = PBXFileReference; lastKnownFileType = sourcecode.swift; path = SceneDelegate.swift; sourceTree = "<group>"; };
		BD343A3128664311006E3018 /* ViewController.swift */ = {isa = PBXFileReference; lastKnownFileType = sourcecode.swift; path = ViewController.swift; sourceTree = "<group>"; };
		BD343A3428664311006E3018 /* Base */ = {isa = PBXFileReference; lastKnownFileType = file.storyboard; name = Base; path = Base.lproj/Main.storyboard; sourceTree = "<group>"; };
		BD343A3728664311006E3018 /* todolist.xcdatamodel */ = {isa = PBXFileReference; lastKnownFileType = wrapper.xcdatamodel; path = todolist.xcdatamodel; sourceTree = "<group>"; };
		BD343A3928664313006E3018 /* Assets.xcassets */ = {isa = PBXFileReference; lastKnownFileType = folder.assetcatalog; path = Assets.xcassets; sourceTree = "<group>"; };
		BD343A3C28664313006E3018 /* Base */ = {isa = PBXFileReference; lastKnownFileType = file.storyboard; name = Base; path = Base.lproj/LaunchScreen.storyboard; sourceTree = "<group>"; };
		BD343A3E28664313006E3018 /* Info.plist */ = {isa = PBXFileReference; lastKnownFileType = text.plist.xml; path = Info.plist; sourceTree = "<group>"; };
		BD343A4328664313006E3018 /* todolistTests.xctest */ = {isa = PBXFileReference; explicitFileType = wrapper.cfbundle; includeInIndex = 0; path = todolistTests.xctest; sourceTree = BUILT_PRODUCTS_DIR; };
		BD343A4728664313006E3018 /* todolistTests.swift */ = {isa = PBXFileReference; lastKnownFileType = sourcecode.swift; path = todolistTests.swift; sourceTree = "<group>"; };
		BD343A4D28664313006E3018 /* todolistUITests.xctest */ = {isa = PBXFileReference; explicitFileType = wrapper.cfbundle; includeInIndex = 0; path = todolistUITests.xctest; sourceTree = BUILT_PRODUCTS_DIR; };
		BD343A5128664313006E3018 /* todolistUITests.swift */ = {isa = PBXFileReference; lastKnownFileType = sourcecode.swift; path = todolistUITests.swift; sourceTree = "<group>"; };
		BD343A5328664313006E3018 /* todolistUITestsLaunchTests.swift */ = {isa = PBXFileReference; lastKnownFileType = sourcecode.swift; path = todolistUITestsLaunchTests.swift; sourceTree = "<group>"; };
/* End PBXFileReference section */

/* Begin PBXFrameworksBuildPhase section */
		BD343A2728664311006E3018 /* Frameworks */ = {
			isa = PBXFrameworksBuildPhase;
			buildActionMask = 2147483647;
			files = (
			);
			runOnlyForDeploymentPostprocessing = 0;
		};
		BD343A4028664313006E3018 /* Frameworks */ = {
			isa = PBXFrameworksBuildPhase;
			buildActionMask = 2147483647;
			files = (
			);
			runOnlyForDeploymentPostprocessing = 0;
		};
		BD343A4A28664313006E3018 /* Frameworks */ = {
			isa = PBXFrameworksBuildPhase;
			buildActionMask = 2147483647;
			files = (
			);
			runOnlyForDeploymentPostprocessing = 0;
		};
/* End PBXFrameworksBuildPhase section */

/* Begin PBXGroup section */
		BD343A2128664311006E3018 = {
			isa = PBXGroup;
			children = (
				BD343A2C28664311006E3018 /* todolist */,
				BD343A4628664313006E3018 /* todolistTests */,
				BD343A5028664313006E3018 /* todolistUITests */,
				BD343A2B28664311006E3018 /* Products */,
			);
			sourceTree = "<group>";
		};
		BD343A2B28664311006E3018 /* Products */ = {
			isa = PBXGroup;
			children = (
				BD343A2A28664311006E3018 /* todolist.app */,
				BD343A4328664313006E3018 /* todolistTests.xctest */,
				BD343A4D28664313006E3018 /* todolistUITests.xctest */,
			);
			name = Products;
			sourceTree = "<group>";
		};
		BD343A2C28664311006E3018 /* todolist */ = {
			isa = PBXGroup;
			children = (
				BD343A2D28664311006E3018 /* AppDelegate.swift */,
				BD343A2F28664311006E3018 /* SceneDelegate.swift */,
				BD343A3128664311006E3018 /* ViewController.swift */,
				BD343A3328664311006E3018 /* Main.storyboard */,
				BD343A3928664313006E3018 /* Assets.xcassets */,
				BD343A3B28664313006E3018 /* LaunchScreen.storyboard */,
				BD343A3E28664313006E3018 /* Info.plist */,
				BD343A3628664311006E3018 /* todolist.xcdatamodeld */,
			);
			path = todolist;
			sourceTree = "<group>";
		};
		BD343A4628664313006E3018 /* todolistTests */ = {
			isa = PBXGroup;
			children = (
				BD343A4728664313006E3018 /* todolistTests.swift */,
			);
			path = todolistTests;
			sourceTree = "<group>";
		};
		BD343A5028664313006E3018 /* todolistUITests */ = {
			isa = PBXGroup;
			children = (
				BD343A5128664313006E3018 /* todolistUITests.swift */,
				BD343A5328664313006E3018 /* todolistUITestsLaunchTests.swift */,
			);
			path = todolistUITests;
			sourceTree = "<group>";
		};
/* End PBXGroup section */

/* Begin PBXNativeTarget section */
		BD343A2928664311006E3018 /* todolist */ = {
			isa = PBXNativeTarget;
			buildConfigurationList = BD343A5728664313006E3018 /* Build configuration list for PBXNativeTarget "todolist" */;
			buildPhases = (
				BD343A2628664311006E3018 /* Sources */,
				BD343A2728664311006E3018 /* Frameworks */,
				BD343A2828664311006E3018 /* Resources */,
			);
			buildRules = (
			);
			dependencies = (
			);
			name = todolist;
			productName = todolist;
			productReference = BD343A2A28664311006E3018 /* todolist.app */;
			productType = "com.apple.product-type.application";
		};
		BD343A4228664313006E3018 /* todolistTests */ = {
			isa = PBXNativeTarget;
			buildConfigurationList = BD343A5A28664313006E3018 /* Build configuration list for PBXNativeTarget "todolistTests" */;
			buildPhases = (
				BD343A3F28664313006E3018 /* Sources */,
				BD343A4028664313006E3018 /* Frameworks */,
				BD343A4128664313006E3018 /* Resources */,
			);
			buildRules = (
			);
			dependencies = (
				BD343A4528664313006E3018 /* PBXTargetDependency */,
			);
			name = todolistTests;
			productName = todolistTests;
			productReference = BD343A4328664313006E3018 /* todolistTests.xctest */;
			productType = "com.apple.product-type.bundle.unit-test";
		};
		BD343A4C28664313006E3018 /* todolistUITests */ = {
			isa = PBXNativeTarget;
			buildConfigurationList = BD343A5D28664313006E3018 /* Build configuration list for PBXNativeTarget "todolistUITests" */;
			buildPhases = (
				BD343A4928664313006E3018 /* Sources */,
				BD343A4A28664313006E3018 /* Frameworks */,
				BD343A4B28664313006E3018 /* Resources */,
			);
			buildRules = (
			);
			dependencies = (
				BD343A4F28664313006E3018 /* PBXTargetDependency */,
			);
			name = todolistUITests;
			productName = todolistUITests;
			productReference = BD343A4D28664313006E3018 /* todolistUITests.xctest */;
			productType = "com.apple.product-type.bundle.ui-testing";
		};
/* End PBXNativeTarget section */

/* Begin PBXProject section */
		BD343A2228664311006E3018 /* Project object */ = {
			isa = PBXProject;
			attributes = {
				BuildIndependentTargetsInParallel = 1;
				LastSwiftUpdateCheck = 1340;
				LastUpgradeCheck = 1340;
				TargetAttributes = {
					BD343A2928664311006E3018 = {
						CreatedOnToolsVersion = 13.4.1;
					};
					BD343A4228664313006E3018 = {
						CreatedOnToolsVersion = 13.4.1;
						TestTargetID = BD343A2928664311006E3018;
					};
					BD343A4C28664313006E3018 = {
						CreatedOnToolsVersion = 13.4.1;
						TestTargetID = BD343A2928664311006E3018;
					};
				};
			};
			buildConfigurationList = BD343A2528664311006E3018 /* Build configuration list for PBXProject "todolist" */;
			compatibilityVersion = "Xcode 13.0";
			developmentRegion = en;
			hasScannedForEncodings = 0;
			knownRegions = (
				en,
				Base,
			);
			mainGroup = BD343A2128664311006E3018;
			productRefGroup = BD343A2B28664311006E3018 /* Products */;
			projectDirPath = "";
			projectRoot = "";
			targets = (
				BD343A2928664311006E3018 /* todolist */,
				BD343A4228664313006E3018 /* todolistTests */,
				BD343A4C28664313006E3018 /* todolistUITests */,
			);
		};
/* End PBXProject section */

/* Begin PBXResourcesBuildPhase section */
		BD343A2828664311006E3018 /* Resources */ = {
			isa = PBXResourcesBuildPhase;
			buildActionMask = 2147483647;
			files = (
				BD343A3D28664313006E3018 /* LaunchScreen.storyboard in Resources */,
				BD343A3A28664313006E3018 /* Assets.xcassets in Resources */,
				BD343A3528664311006E3018 /* Main.storyboard in Resources */,
			);
			runOnlyForDeploymentPostprocessing = 0;
		};
		BD343A4128664313006E3018 /* Resources */ = {
			isa = PBXResourcesBuildPhase;
			buildActionMask = 2147483647;
			files = (
			);
			runOnlyForDeploymentPostprocessing = 0;
		};
		BD343A4B28664313006E3018 /* Resources */ = {
			isa = PBXResourcesBuildPhase;
			buildActionMask = 2147483647;
			files = (
			);
			runOnlyForDeploymentPostprocessing = 0;
		};
/* End PBXResourcesBuildPhase section */

/* Begin PBXSourcesBuildPhase section */
		BD343A2628664311006E3018 /* Sources */ = {
			isa = PBXSourcesBuildPhase;
			buildActionMask = 2147483647;
			files = (
				BD343A3228664311006E3018 /* ViewController.swift in Sources */,
				BD343A2E28664311006E3018 /* AppDelegate.swift in Sources */,
				BD343A3028664311006E3018 /* SceneDelegate.swift in Sources */,
				BD343A3828664311006E3018 /* todolist.xcdatamodeld in Sources */,
			);
			runOnlyForDeploymentPostprocessing = 0;
		};
		BD343A3F28664313006E3018 /* Sources */ = {
			isa = PBXSourcesBuildPhase;
			buildActionMask = 2147483647;
			files = (
				BD343A4828664313006E3018 /* todolistTests.swift in Sources */,
			);
			runOnlyForDeploymentPostprocessing = 0;
		};
		BD343A4928664313006E3018 /* Sources */ = {
			isa = PBXSourcesBuildPhase;
			buildActionMask = 2147483647;
			files = (
				BD343A5428664313006E3018 /* todolistUITestsLaunchTests.swift in Sources */,
				BD343A5228664313006E3018 /* todolistUITests.swift in Sources */,
			);
			runOnlyForDeploymentPostprocessing = 0;
		};
/* End PBXSourcesBuildPhase section */

/* Begin PBXTargetDependency section */
		BD343A4528664313006E3018 /* PBXTargetDependency */ = {
			isa = PBXTargetDependency;
			target = BD343A2928664311006E3018 /* todolist */;
			targetProxy = BD343A4428664313006E3018 /* PBXContainerItemProxy */;
		};
		BD343A4F28664313006E3018 /* PBXTargetDependency */ = {
			isa = PBXTargetDependency;
			target = BD343A2928664311006E3018 /* todolist */;
			targetProxy = BD343A4E28664313006E3018 /* PBXContainerItemProxy */;
		};
/* End PBXTargetDependency section */

/* Begin PBXVariantGroup section */
		BD343A3328664311006E3018 /* Main.storyboard */ = {
			isa = PBXVariantGroup;
			children = (
				BD343A3428664311006E3018 /* Base */,
			);
			name = Main.storyboard;
			sourceTree = "<group>";
		};
		BD343A3B28664313006E3018 /* LaunchScreen.storyboard */ = {
			isa = PBXVariantGroup;
			children = (
				BD343A3C28664313006E3018 /* Base */,
			);
			name = LaunchScreen.storyboard;
			sourceTree = "<group>";
		};
/* End PBXVariantGroup section */

/* Begin XCBuildConfiguration section */
		BD343A5528664313006E3018 /* Debug */ = {
			isa = XCBuildConfiguration;
			buildSettings = {
				ALWAYS_SEARCH_USER_PATHS = NO;
				CLANG_ANALYZER_NONNULL = YES;
				CLANG_ANALYZER_NUMBER_OBJECT_CONVERSION = YES_AGGRESSIVE;
				CLANG_CXX_LANGUAGE_STANDARD = "gnu++17";
				CLANG_ENABLE_MODULES = YES;
				CLANG_ENABLE_OBJC_ARC = YES;
				CLANG_ENABLE_OBJC_WEAK = YES;
				CLANG_WARN_BLOCK_CAPTURE_AUTORELEASING = YES;
				CLANG_WARN_BOOL_CONVERSION = YES;
				CLANG_WARN_COMMA = YES;
				CLANG_WARN_CONSTANT_CONVERSION = YES;
				CLANG_WARN_DEPRECATED_OBJC_IMPLEMENTATIONS = YES;
				CLANG_WARN_DIRECT_OBJC_ISA_USAGE = YES_ERROR;
				CLANG_WARN_DOCUMENTATION_COMMENTS = YES;
				CLANG_WARN_EMPTY_BODY = YES;
				CLANG_WARN_ENUM_CONVERSION = YES;
				CLANG_WARN_INFINITE_RECURSION = YES;
				CLANG_WARN_INT_CONVERSION = YES;
				CLANG_WARN_NON_LITERAL_NULL_CONVERSION = YES;
				CLANG_WARN_OBJC_IMPLICIT_RETAIN_SELF = YES;
				CLANG_WARN_OBJC_LITERAL_CONVERSION = YES;
				CLANG_WARN_OBJC_ROOT_CLASS = YES_ERROR;
				CLANG_WARN_QUOTED_INCLUDE_IN_FRAMEWORK_HEADER = YES;
				CLANG_WARN_RANGE_LOOP_ANALYSIS = YES;
				CLANG_WARN_STRICT_PROTOTYPES = YES;
				CLANG_WARN_SUSPICIOUS_MOVE = YES;
				CLANG_WARN_UNGUARDED_AVAILABILITY = YES_AGGRESSIVE;
				CLANG_WARN_UNREACHABLE_CODE = YES;
				CLANG_WARN__DUPLICATE_METHOD_MATCH = YES;
				COPY_PHASE_STRIP = NO;
				DEBUG_INFORMATION_FORMAT = dwarf;
				ENABLE_STRICT_OBJC_MSGSEND = YES;
				ENABLE_TESTABILITY = YES;
				GCC_C_LANGUAGE_STANDARD = gnu11;
				GCC_DYNAMIC_NO_PIC = NO;
				GCC_NO_COMMON_BLOCKS = YES;
				GCC_OPTIMIZATION_LEVEL = 0;
				GCC_PREPROCESSOR_DEFINITIONS = (
					"DEBUG=1",
					"$(inherited)",
				);
				GCC_WARN_64_TO_32_BIT_CONVERSION = YES;
				GCC_WARN_ABOUT_RETURN_TYPE = YES_ERROR;
				GCC_WARN_UNDECLARED_SELECTOR = YES;
				GCC_WARN_UNINITIALIZED_AUTOS = YES_AGGRESSIVE;
				GCC_WARN_UNUSED_FUNCTION = YES;
				GCC_WARN_UNUSED_VARIABLE = YES;
				IPHONEOS_DEPLOYMENT_TARGET = 15.5;
				MTL_ENABLE_DEBUG_INFO = INCLUDE_SOURCE;
				MTL_FAST_MATH = YES;
				ONLY_ACTIVE_ARCH = YES;
				SDKROOT = iphoneos;
				SWIFT_ACTIVE_COMPILATION_CONDITIONS = DEBUG;
				SWIFT_OPTIMIZATION_LEVEL = "-Onone";
			};
			name = Debug;
		};
		BD343A5628664313006E3018 /* Release */ = {
			isa = XCBuildConfiguration;
			buildSettings = {
				ALWAYS_SEARCH_USER_PATHS = NO;
				CLANG_ANALYZER_NONNULL = YES;
				CLANG_ANALYZER_NUMBER_OBJECT_CONVERSION = YES_AGGRESSIVE;
				CLANG_CXX_LANGUAGE_STANDARD = "gnu++17";
				CLANG_ENABLE_MODULES = YES;
				CLANG_ENABLE_OBJC_ARC = YES;
				CLANG_ENABLE_OBJC_WEAK = YES;
				CLANG_WARN_BLOCK_CAPTURE_AUTORELEASING = YES;
				CLANG_WARN_BOOL_CONVERSION = YES;
				CLANG_WARN_COMMA = YES;
				CLANG_WARN_CONSTANT_CONVERSION = YES;
				CLANG_WARN_DEPRECATED_OBJC_IMPLEMENTATIONS = YES;
				CLANG_WARN_DIRECT_OBJC_ISA_USAGE = YES_ERROR;
				CLANG_WARN_DOCUMENTATION_COMMENTS = YES;
				CLANG_WARN_EMPTY_BODY = YES;
				CLANG_WARN_ENUM_CONVERSION = YES;
				CLANG_WARN_INFINITE_RECURSION = YES;
				CLANG_WARN_INT_CONVERSION = YES;
				CLANG_WARN_NON_LITERAL_NULL_CONVERSION = YES;
				CLANG_WARN_OBJC_IMPLICIT_RETAIN_SELF = YES;
				CLANG_WARN_OBJC_LITERAL_CONVERSION = YES;
				CLANG_WARN_OBJC_ROOT_CLASS = YES_ERROR;
				CLANG_WARN_QUOTED_INCLUDE_IN_FRAMEWORK_HEADER = YES;
				CLANG_WARN_RANGE_LOOP_ANALYSIS = YES;
				CLANG_WARN_STRICT_PROTOTYPES = YES;
				CLANG_WARN_SUSPICIOUS_MOVE = YES;
				CLANG_WARN_UNGUARDED_AVAILABILITY = YES_AGGRESSIVE;
				CLANG_WARN_UNREACHABLE_CODE = YES;
				CLANG_WARN__DUPLICATE_METHOD_MATCH = YES;
				COPY_PHASE_STRIP = NO;
				DEBUG_INFORMATION_FORMAT = "dwarf-with-dsym";
				ENABLE_NS_ASSERTIONS = NO;
				ENABLE_STRICT_OBJC_MSGSEND = YES;
				GCC_C_LANGUAGE_STANDARD = gnu11;
				GCC_NO_COMMON_BLOCKS = YES;
				GCC_WARN_64_TO_32_BIT_CONVERSION = YES;
				GCC_WARN_ABOUT_RETURN_TYPE = YES_ERROR;
				GCC_WARN_UNDECLARED_SELECTOR = YES;
				GCC_WARN_UNINITIALIZED_AUTOS = YES_AGGRESSIVE;
				GCC_WARN_UNUSED_FUNCTION = YES;
				GCC_WARN_UNUSED_VARIABLE = YES;
				IPHONEOS_DEPLOYMENT_TARGET = 15.5;
				MTL_ENABLE_DEBUG_INFO = NO;
				MTL_FAST_MATH = YES;
				SDKROOT = iphoneos;
				SWIFT_COMPILATION_MODE = wholemodule;
				SWIFT_OPTIMIZATION_LEVEL = "-O";
				VALIDATE_PRODUCT = YES;
			};
			name = Release;
		};
		BD343A5828664313006E3018 /* Debug */ = {
			isa = XCBuildConfiguration;
			buildSettings = {
				ASSETCATALOG_COMPILER_APPICON_NAME = AppIcon;
				ASSETCATALOG_COMPILER_GLOBAL_ACCENT_COLOR_NAME = AccentColor;
				CODE_SIGN_STYLE = Automatic;
				CURRENT_PROJECT_VERSION = 1;
				GENERATE_INFOPLIST_FILE = YES;
				INFOPLIST_FILE = todolist/Info.plist;
				INFOPLIST_KEY_UIApplicationSupportsIndirectInputEvents = YES;
				INFOPLIST_KEY_UILaunchStoryboardName = LaunchScreen;
				INFOPLIST_KEY_UIMainStoryboardFile = Main;
				INFOPLIST_KEY_UISupportedInterfaceOrientations_iPad = "UIInterfaceOrientationPortrait UIInterfaceOrientationPortraitUpsideDown UIInterfaceOrientationLandscapeLeft UIInterfaceOrientationLandscapeRight";
				INFOPLIST_KEY_UISupportedInterfaceOrientations_iPhone = "UIInterfaceOrientationPortrait UIInterfaceOrientationLandscapeLeft UIInterfaceOrientationLandscapeRight";
				LD_RUNPATH_SEARCH_PATHS = (
					"$(inherited)",
					"@executable_path/Frameworks",
				);
				MARKETING_VERSION = 1.0;
				PRODUCT_BUNDLE_IDENTIFIER = kwk.todolist;
				PRODUCT_NAME = "$(TARGET_NAME)";
				SWIFT_EMIT_LOC_STRINGS = YES;
				SWIFT_VERSION = 5.0;
				TARGETED_DEVICE_FAMILY = "1,2";
			};
			name = Debug;
		};
		BD343A5928664313006E3018 /* Release */ = {
			isa = XCBuildConfiguration;
			buildSettings = {
				ASSETCATALOG_COMPILER_APPICON_NAME = AppIcon;
				ASSETCATALOG_COMPILER_GLOBAL_ACCENT_COLOR_NAME = AccentColor;
				CODE_SIGN_STYLE = Automatic;
				CURRENT_PROJECT_VERSION = 1;
				GENERATE_INFOPLIST_FILE = YES;
				INFOPLIST_FILE = todolist/Info.plist;
				INFOPLIST_KEY_UIApplicationSupportsIndirectInputEvents = YES;
				INFOPLIST_KEY_UILaunchStoryboardName = LaunchScreen;
				INFOPLIST_KEY_UIMainStoryboardFile = Main;
				INFOPLIST_KEY_UISupportedInterfaceOrientations_iPad = "UIInterfaceOrientationPortrait UIInterfaceOrientationPortraitUpsideDown UIInterfaceOrientationLandscapeLeft UIInterfaceOrientationLandscapeRight";
				INFOPLIST_KEY_UISupportedInterfaceOrientations_iPhone = "UIInterfaceOrientationPortrait UIInterfaceOrientationLandscapeLeft UIInterfaceOrientationLandscapeRight";
				LD_RUNPATH_SEARCH_PATHS = (
					"$(inherited)",
					"@executable_path/Frameworks",
				);
				MARKETING_VERSION = 1.0;
				PRODUCT_BUNDLE_IDENTIFIER = kwk.todolist;
				PRODUCT_NAME = "$(TARGET_NAME)";
				SWIFT_EMIT_LOC_STRINGS = YES;
				SWIFT_VERSION = 5.0;
				TARGETED_DEVICE_FAMILY = "1,2";
			};
			name = Release;
		};
		BD343A5B28664313006E3018 /* Debug */ = {
			isa = XCBuildConfiguration;
			buildSettings = {
				ALWAYS_EMBED_SWIFT_STANDARD_LIBRARIES = YES;
				BUNDLE_LOADER = "$(TEST_HOST)";
				CODE_SIGN_STYLE = Automatic;
				CURRENT_PROJECT_VERSION = 1;
				GENERATE_INFOPLIST_FILE = YES;
				IPHONEOS_DEPLOYMENT_TARGET = 15.5;
				MARKETING_VERSION = 1.0;
				PRODUCT_BUNDLE_IDENTIFIER = kwk.todolistTests;
				PRODUCT_NAME = "$(TARGET_NAME)";
				SWIFT_EMIT_LOC_STRINGS = NO;
				SWIFT_VERSION = 5.0;
				TARGETED_DEVICE_FAMILY = "1,2";
				TEST_HOST = "$(BUILT_PRODUCTS_DIR)/todolist.app/todolist";
			};
			name = Debug;
		};
		BD343A5C28664313006E3018 /* Release */ = {
			isa = XCBuildConfiguration;
			buildSettings = {
				ALWAYS_EMBED_SWIFT_STANDARD_LIBRARIES = YES;
				BUNDLE_LOADER = "$(TEST_HOST)";
				CODE_SIGN_STYLE = Automatic;
				CURRENT_PROJECT_VERSION = 1;
				GENERATE_INFOPLIST_FILE = YES;
				IPHONEOS_DEPLOYMENT_TARGET = 15.5;
				MARKETING_VERSION = 1.0;
				PRODUCT_BUNDLE_IDENTIFIER = kwk.todolistTests;
				PRODUCT_NAME = "$(TARGET_NAME)";
				SWIFT_EMIT_LOC_STRINGS = NO;
				SWIFT_VERSION = 5.0;
				TARGETED_DEVICE_FAMILY = "1,2";
				TEST_HOST = "$(BUILT_PRODUCTS_DIR)/todolist.app/todolist";
			};
			name = Release;
		};
		BD343A5E28664313006E3018 /* Debug */ = {
			isa = XCBuildConfiguration;
			buildSettings = {
				ALWAYS_EMBED_SWIFT_STANDARD_LIBRARIES = YES;
				CODE_SIGN_STYLE = Automatic;
				CURRENT_PROJECT_VERSION = 1;
				GENERATE_INFOPLIST_FILE = YES;
				MARKETING_VERSION = 1.0;
				PRODUCT_BUNDLE_IDENTIFIER = kwk.todolistUITests;
				PRODUCT_NAME = "$(TARGET_NAME)";
				SWIFT_EMIT_LOC_STRINGS = NO;
				SWIFT_VERSION = 5.0;
				TARGETED_DEVICE_FAMILY = "1,2";
				TEST_TARGET_NAME = todolist;
			};
			name = Debug;
		};
		BD343A5F28664313006E3018 /* Release */ = {
			isa = XCBuildConfiguration;
			buildSettings = {
				ALWAYS_EMBED_SWIFT_STANDARD_LIBRARIES = YES;
				CODE_SIGN_STYLE = Automatic;
				CURRENT_PROJECT_VERSION = 1;
				GENERATE_INFOPLIST_FILE = YES;
				MARKETING_VERSION = 1.0;
				PRODUCT_BUNDLE_IDENTIFIER = kwk.todolistUITests;
				PRODUCT_NAME = "$(TARGET_NAME)";
				SWIFT_EMIT_LOC_STRINGS = NO;
				SWIFT_VERSION = 5.0;
				TARGETED_DEVICE_FAMILY = "1,2";
				TEST_TARGET_NAME = todolist;
			};
			name = Release;
		};
/* End XCBuildConfiguration section */

/* Begin XCConfigurationList section */
		BD343A2528664311006E3018 /* Build configuration list for PBXProject "todolist" */ = {
			isa = XCConfigurationList;
			buildConfigurations = (
				BD343A5528664313006E3018 /* Debug */,
				BD343A5628664313006E3018 /* Release */,
			);
			defaultConfigurationIsVisible = 0;
			defaultConfigurationName = Release;
		};
		BD343A5728664313006E3018 /* Build configuration list for PBXNativeTarget "todolist" */ = {
			isa = XCConfigurationList;
			buildConfigurations = (
				BD343A5828664313006E3018 /* Debug */,
				BD343A5928664313006E3018 /* Release */,
			);
			defaultConfigurationIsVisible = 0;
			defaultConfigurationName = Release;
		};
		BD343A5A28664313006E3018 /* Build configuration list for PBXNativeTarget "todolistTests" */ = {
			isa = XCConfigurationList;
			buildConfigurations = (
				BD343A5B28664313006E3018 /* Debug */,
				BD343A5C28664313006E3018 /* Release */,
			);
			defaultConfigurationIsVisible = 0;
			defaultConfigurationName = Release;
		};
		BD343A5D28664313006E3018 /* Build configuration list for PBXNativeTarget "todolistUITests" */ = {
			isa = XCConfigurationList;
			buildConfigurations = (
				BD343A5E28664313006E3018 /* Debug */,
				BD343A5F28664313006E3018 /* Release */,
			);
			defaultConfigurationIsVisible = 0;
			defaultConfigurationName = Release;
		};
/* End XCConfigurationList section */

/* Begin XCVersionGroup section */
		BD343A3628664311006E3018 /* todolist.xcdatamodeld */ = {
			isa = XCVersionGroup;
			children = (
				BD343A3728664311006E3018 /* todolist.xcdatamodel */,
			);
			currentVersion = BD343A3728664311006E3018 /* todolist.xcdatamodel */;
			path = todolist.xcdatamodeld;
			sourceTree = "<group>";
			versionGroupType = wrapper.xcdatamodel;
		};
/* End XCVersionGroup section */
	};
	rootObject = BD343A2228664311006E3018 /* Project object */;
}
